
Microsoft Visual Studio Solution File, Format Version 12.00
# Visual Studio Version 17
VisualStudioVersion = 17.0.31903.59
MinimumVisualStudioVersion = 10.0.40219.1
Project("{2150E333-8FDC-42A3-9474-1A3956D46DE8}") = "src", "src", "{02F41CB0-1E69-4C7A-B52F-C1CB2BD5ED53}"
EndProject
Project("{FAE04EC0-301F-11D3-BF4B-00C04F79EFBC}") = "Mouse2Joy.Persistence", "src\Mouse2Joy.Persistence\Mouse2Joy.Persistence.csproj", "{A5142393-792C-4426-99AD-DEE80E038EC1}"
EndProject
Project("{FAE04EC0-301F-11D3-BF4B-00C04F79EFBC}") = "Mouse2Joy.Engine", "src\Mouse2Joy.Engine\Mouse2Joy.Engine.csproj", "{36A77097-C35D-4DF8-B434-BD2860FEFB5D}"
EndProject
Project("{FAE04EC0-301F-11D3-BF4B-00C04F79EFBC}") = "Mouse2Joy.Input", "src\Mouse2Joy.Input\Mouse2Joy.Input.csproj", "{7AD386D8-94AE-490A-BBFB-296442094BD2}"
EndProject
Project("{FAE04EC0-301F-11D3-BF4B-00C04F79EFBC}") = "Mouse2Joy.VirtualPad", "src\Mouse2Joy.VirtualPad\Mouse2Joy.VirtualPad.csproj", "{7CEE520F-42D7-472A-AAB9-247F77054FD1}"
EndProject
Project("{FAE04EC0-301F-11D3-BF4B-00C04F79EFBC}") = "Mouse2Joy.UI", "src\Mouse2Joy.UI\Mouse2Joy.UI.csproj", "{0F46D1D5-01E3-4EA9-8CAB-4F1E42DEBBD9}"
EndProject
Project("{FAE04EC0-301F-11D3-BF4B-00C04F79EFBC}") = "Mouse2Joy.App", "src\Mouse2Joy.App\Mouse2Joy.App.csproj", "{50FC1927-C666-4D6E-97D1-035A819C32AD}"
EndProject
Project("{2150E333-8FDC-42A3-9474-1A3956D46DE8}") = "tests", "tests", "{5A79B507-CC45-4F84-85C9-E4C36EF99CFA}"
EndProject
Project("{FAE04EC0-301F-11D3-BF4B-00C04F79EFBC}") = "Mouse2Joy.Engine.Tests", "tests\Mouse2Joy.Engine.Tests\Mouse2Joy.Engine.Tests.csproj", "{698498B3-B31C-4DC5-A630-5FA3000820AD}"
EndProject
Project("{FAE04EC0-301F-11D3-BF4B-00C04F79EFBC}") = "Mouse2Joy.Persistence.Tests", "tests\Mouse2Joy.Persistence.Tests\Mouse2Joy.Persistence.Tests.csproj", "{048CA6B6-2284-41F1-A7D9-65F8B0BD0688}"
EndProject
Project("{FAE04EC0-301F-11D3-BF4B-00C04F79EFBC}") = "Mouse2Joy.VirtualPad.Tests", "tests\Mouse2Joy.VirtualPad.Tests\Mouse2Joy.VirtualPad.Tests.csproj", "{E2B7904B-65A2-4A60-815C-93E55D7FEF4D}"
EndProject
Project("{FAE04EC0-301F-11D3-BF4B-00C04F79EFBC}") = "Mouse2Joy.UI.Tests", "tests\Mouse2Joy.UI.Tests\Mouse2Joy.UI.Tests.csproj", "{4C4D9517-CC6A-440B-AA11-A33F7F325C55}"
EndProject
Global
	GlobalSection(SolutionConfigurationPlatforms) = preSolution
		Debug|Any CPU = Debug|Any CPU
		Release|Any CPU = Release|Any CPU
	EndGlobalSection
	GlobalSection(SolutionProperties) = preSolution
		HideSolutionNode = FALSE
	EndGlobalSection
	GlobalSection(ProjectConfigurationPlatforms) = postSolution
		{A5142393-792C-4426-99AD-DEE80E038EC1}.Debug|Any CPU.ActiveCfg = Debug|Any CPU
		{A5142393-792C-4426-99AD-DEE80E038EC1}.Debug|Any CPU.Build.0 = Debug|Any CPU
		{A5142393-792C-4426-99AD-DEE80E038EC1}.Release|Any CPU.ActiveCfg = Release|Any CPU
		{A5142393-792C-4426-99AD-DEE80E038EC1}.Release|Any CPU.Build.0 = Release|Any CPU
		{36A77097-C35D-4DF8-B434-BD2860FEFB5D}.Debug|Any CPU.ActiveCfg = Debug|Any CPU
		{36A77097-C35D-4DF8-B434-BD2860FEFB5D}.Debug|Any CPU.Build.0 = Debug|Any CPU
		{36A77097-C35D-4DF8-B434-BD2860FEFB5D}.Release|Any CPU.ActiveCfg = Release|Any CPU
		{36A77097-C35D-4DF8-B434-BD2860FEFB5D}.Release|Any CPU.Build.0 = Release|Any CPU
		{7AD386D8-94AE-490A-BBFB-296442094BD2}.Debug|Any CPU.ActiveCfg = Debug|Any CPU
		{7AD386D8-94AE-490A-BBFB-296442094BD2}.Debug|Any CPU.Build.0 = Debug|Any CPU
		{7AD386D8-94AE-490A-BBFB-296442094BD2}.Release|Any CPU.ActiveCfg = Release|Any CPU
		{7AD386D8-94AE-490A-BBFB-296442094BD2}.Release|Any CPU.Build.0 = Release|Any CPU
		{7CEE520F-42D7-472A-AAB9-247F77054FD1}.Debug|Any CPU.ActiveCfg = Debug|Any CPU
		{7CEE520F-42D7-472A-AAB9-247F77054FD1}.Debug|Any CPU.Build.0 = Debug|Any CPU
		{7CEE520F-42D7-472A-AAB9-247F77054FD1}.Release|Any CPU.ActiveCfg = Release|Any CPU
		{7CEE520F-42D7-472A-AAB9-247F77054FD1}.Release|Any CPU.Build.0 = Release|Any CPU
		{0F46D1D5-01E3-4EA9-8CAB-4F1E42DEBBD9}.Debug|Any CPU.ActiveCfg = Debug|Any CPU
		{0F46D1D5-01E3-4EA9-8CAB-4F1E42DEBBD9}.Debug|Any CPU.Build.0 = Debug|Any CPU
		{0F46D1D5-01E3-4EA9-8CAB-4F1E42DEBBD9}.Release|Any CPU.ActiveCfg = Release|Any CPU
		{0F46D1D5-01E3-4EA9-8CAB-4F1E42DEBBD9}.Release|Any CPU.Build.0 = Release|Any CPU
		{50FC1927-C666-4D6E-97D1-035A819C32AD}.Debug|Any CPU.ActiveCfg = Debug|Any CPU
		{50FC1927-C666-4D6E-97D1-035A819C32AD}.Debug|Any CPU.Build.0 = Debug|Any CPU
		{50FC1927-C666-4D6E-97D1-035A819C32AD}.Release|Any CPU.ActiveCfg = Release|Any CPU
		{50FC1927-C666-4D6E-97D1-035A819C32AD}.Release|Any CPU.Build.0 = Release|Any CPU
		{698498B3-B31C-4DC5-A630-5FA3000820AD}.Debug|Any CPU.ActiveCfg = Debug|Any CPU
		{698498B3-B31C-4DC5-A630-5FA3000820AD}.Debug|Any CPU.Build.0 = Debug|Any CPU
		{698498B3-B31C-4DC5-A630-5FA3000820AD}.Release|Any CPU.ActiveCfg = Release|Any CPU
		{698498B3-B31C-4DC5-A630-5FA3000820AD}.Release|Any CPU.Build.0 = Release|Any CPU
		{048CA6B6-2284-41F1-A7D9-65F8B0BD0688}.Debug|Any CPU.ActiveCfg = Debug|Any CPU
		{048CA6B6-2284-41F1-A7D9-65F8B0BD0688}.Debug|Any CPU.Build.0 = Debug|Any CPU
		{048CA6B6-2284-41F1-A7D9-65F8B0BD0688}.Release|Any CPU.ActiveCfg = Release|Any CPU
		{048CA6B6-2284-41F1-A7D9-65F8B0BD0688}.Release|Any CPU.Build.0 = Release|Any CPU
		{E2B7904B-65A2-4A60-815C-93E55D7FEF4D}.Debug|Any CPU.ActiveCfg = Debug|Any CPU
		{E2B7904B-65A2-4A60-815C-93E55D7FEF4D}.Debug|Any CPU.Build.0 = Debug|Any CPU
		{E2B7904B-65A2-4A60-815C-93E55D7FEF4D}.Release|Any CPU.ActiveCfg = Release|Any CPU
		{E2B7904B-65A2-4A60-815C-93E55D7FEF4D}.Release|Any CPU.Build.0 = Release|Any CPU
		{4C4D9517-CC6A-440B-AA11-A33F7F325C55}.Debug|Any CPU.ActiveCfg = Debug|Any CPU
		{4C4D9517-CC6A-440B-AA11-A33F7F325C55}.Debug|Any CPU.Build.0 = Debug|Any CPU
		{4C4D9517-CC6A-440B-AA11-A33F7F325C55}.Release|Any CPU.ActiveCfg = Release|Any CPU
		{4C4D9517-CC6A-440B-AA11-A33F7F325C55}.Release|Any CPU.Build.0 = Release|Any CPU
	EndGlobalSection
	GlobalSection(NestedProjects) = preSolution
		{A5142393-792C-4426-99AD-DEE80E038EC1} = {02F41CB0-1E69-4C7A-B52F-C1CB2BD5ED53}
		{36A77097-C35D-4DF8-B434-BD2860FEFB5D} = {02F41CB0-1E69-4C7A-B52F-C1CB2BD5ED53}
		{7AD386D8-94AE-490A-BBFB-296442094BD2} = {02F41CB0-1E69-4C7A-B52F-C1CB2BD5ED53}
		{7CEE520F-42D7-472A-AAB9-247F77054FD1} = {02F41CB0-1E69-4C7A-B52F-C1CB2BD5ED53}
		{0F46D1D5-01E3-4EA9-8CAB-4F1E42DEBBD9} = {02F41CB0-1E69-4C7A-B52F-C1CB2BD5ED53}
		{50FC1927-C666-4D6E-97D1-035A819C32AD} = {02F41CB0-1E69-4C7A-B52F-C1CB2BD5ED53}
		{698498B3-B31C-4DC5-A630-5FA3000820AD} = {5A79B507-CC45-4F84-85C9-E4C36EF99CFA}
		{048CA6B6-2284-41F1-A7D9-65F8B0BD0688} = {5A79B507-CC45-4F84-85C9-E4C36EF99CFA}
		{E2B7904B-65A2-4A60-815C-93E55D7FEF4D} = {5A79B507-CC45-4F84-85C9-E4C36EF99CFA}
		{4C4D9517-CC6A-440B-AA11-A33F7F325C55} = {5A79B507-CC45-4F84-85C9-E4C36EF99CFA}
	EndGlobalSection
EndGlobal
